// !$*UTF8*$!
{
	archiveVersion = 1;
	classes = {
	};
	objectVersion = 55;
	objects = {

/* Begin PBXBuildFile section */
		2A74788426F3727400A7CC6F /* _BallApp.swift in Sources */ = {isa = PBXBuildFile; fileRef = 2A74788326F3727400A7CC6F /* _BallApp.swift */; };
		2A74788626F3727400A7CC6F /* ContentView.swift in Sources */ = {isa = PBXBuildFile; fileRef = 2A74788526F3727400A7CC6F /* ContentView.swift */; };
		2A74788826F3727900A7CC6F /* Assets.xcassets in Resources */ = {isa = PBXBuildFile; fileRef = 2A74788726F3727900A7CC6F /* Assets.xcassets */; };
		2A74788B26F3727900A7CC6F /* Preview Assets.xcassets in Resources */ = {isa = PBXBuildFile; fileRef = 2A74788A26F3727900A7CC6F /* Preview Assets.xcassets */; };
		2A74789526F3727A00A7CC6F /* _BallTests.swift in Sources */ = {isa = PBXBuildFile; fileRef = 2A74789426F3727A00A7CC6F /* _BallTests.swift */; };
		2A74789F26F3727A00A7CC6F /* _BallUITests.swift in Sources */ = {isa = PBXBuildFile; fileRef = 2A74789E26F3727A00A7CC6F /* _BallUITests.swift */; };
		2A7478A126F3727A00A7CC6F /* _BallUITestsLaunchTests.swift in Sources */ = {isa = PBXBuildFile; fileRef = 2A7478A026F3727A00A7CC6F /* _BallUITestsLaunchTests.swift */; };
/* End PBXBuildFile section */

/* Begin PBXContainerItemProxy section */
		2A74789126F3727A00A7CC6F /* PBXContainerItemProxy */ = {
			isa = PBXContainerItemProxy;
			containerPortal = 2A74787826F3727400A7CC6F /* Project object */;
			proxyType = 1;
			remoteGlobalIDString = 2A74787F26F3727400A7CC6F;
			remoteInfo = 8Ball;
		};
		2A74789B26F3727A00A7CC6F /* PBXContainerItemProxy */ = {
			isa = PBXContainerItemProxy;
			containerPortal = 2A74787826F3727400A7CC6F /* Project object */;
			proxyType = 1;
			remoteGlobalIDString = 2A74787F26F3727400A7CC6F;
			remoteInfo = 8Ball;
		};
/* End PBXContainerItemProxy section */

/* Begin PBXFileReference section */
		2A74788026F3727400A7CC6F /* 8Ball.app */ = {isa = PBXFileReference; explicitFileType = wrapper.application; includeInIndex = 0; path = 8Ball.app; sourceTree = BUILT_PRODUCTS_DIR; };
		2A74788326F3727400A7CC6F /* _BallApp.swift */ = {isa = PBXFileReference; lastKnownFileType = sourcecode.swift; path = _BallApp.swift; sourceTree = "<group>"; };
		2A74788526F3727400A7CC6F /* ContentView.swift */ = {isa = PBXFileReference; lastKnownFileType = sourcecode.swift; path = ContentView.swift; sourceTree = "<group>"; };
		2A74788726F3727900A7CC6F /* Assets.xcassets */ = {isa = PBXFileReference; lastKnownFileType = folder.assetcatalog; path = Assets.xcassets; sourceTree = "<group>"; };
		2A74788A26F3727900A7CC6F /* Preview Assets.xcassets */ = {isa = PBXFileReference; lastKnownFileType = folder.assetcatalog; path = "Preview Assets.xcassets"; sourceTree = "<group>"; };
		2A74789026F3727A00A7CC6F /* 8BallTests.xctest */ = {isa = PBXFileReference; explicitFileType = wrapper.cfbundle; includeInIndex = 0; path = 8BallTests.xctest; sourceTree = BUILT_PRODUCTS_DIR; };
		2A74789426F3727A00A7CC6F /* _BallTests.swift */ = {isa = PBXFileReference; lastKnownFileType = sourcecode.swift; path = _BallTests.swift; sourceTree = "<group>"; };
		2A74789A26F3727A00A7CC6F /* 8BallUITests.xctest */ = {isa = PBXFileReference; explicitFileType = wrapper.cfbundle; includeInIndex = 0; path = 8BallUITests.xctest; sourceTree = BUILT_PRODUCTS_DIR; };
		2A74789E26F3727A00A7CC6F /* _BallUITests.swift */ = {isa = PBXFileReference; lastKnownFileType = sourcecode.swift; path = _BallUITests.swift; sourceTree = "<group>"; };
		2A7478A026F3727A00A7CC6F /* _BallUITestsLaunchTests.swift */ = {isa = PBXFileReference; lastKnownFileType = sourcecode.swift; path = _BallUITestsLaunchTests.swift; sourceTree = "<group>"; };
/* End PBXFileReference section */

/* Begin PBXFrameworksBuildPhase section */
		2A74787D26F3727400A7CC6F /* Frameworks */ = {
			isa = PBXFrameworksBuildPhase;
			buildActionMask = 2147483647;
			files = (
			);
			runOnlyForDeploymentPostprocessing = 0;
		};
		2A74788D26F3727A00A7CC6F /* Frameworks */ = {
			isa = PBXFrameworksBuildPhase;
			buildActionMask = 2147483647;
			files = (
			);
			runOnlyForDeploymentPostprocessing = 0;
		};
		2A74789726F3727A00A7CC6F /* Frameworks */ = {
			isa = PBXFrameworksBuildPhase;
			buildActionMask = 2147483647;
			files = (
			);
			runOnlyForDeploymentPostprocessing = 0;
		};
/* End PBXFrameworksBuildPhase section */

/* Begin PBXGroup section */
		2A74787726F3727400A7CC6F = {
			isa = PBXGroup;
			children = (
				2A74788226F3727400A7CC6F /* 8Ball */,
				2A74789326F3727A00A7CC6F /* 8BallTests */,
				2A74789D26F3727A00A7CC6F /* 8BallUITests */,
				2A74788126F3727400A7CC6F /* Products */,
			);
			sourceTree = "<group>";
		};
		2A74788126F3727400A7CC6F /* Products */ = {
			isa = PBXGroup;
			children = (
				2A74788026F3727400A7CC6F /* 8Ball.app */,
				2A74789026F3727A00A7CC6F /* 8BallTests.xctest */,
				2A74789A26F3727A00A7CC6F /* 8BallUITests.xctest */,
			);
			name = Products;
			sourceTree = "<group>";
		};
		2A74788226F3727400A7CC6F /* 8Ball */ = {
			isa = PBXGroup;
			children = (
				2A74788326F3727400A7CC6F /* _BallApp.swift */,
				2A74788526F3727400A7CC6F /* ContentView.swift */,
				2A74788726F3727900A7CC6F /* Assets.xcassets */,
				2A74788926F3727900A7CC6F /* Preview Content */,
			);
			path = 8Ball;
			sourceTree = "<group>";
		};
		2A74788926F3727900A7CC6F /* Preview Content */ = {
			isa = PBXGroup;
			children = (
				2A74788A26F3727900A7CC6F /* Preview Assets.xcassets */,
			);
			path = "Preview Content";
			sourceTree = "<group>";
		};
		2A74789326F3727A00A7CC6F /* 8BallTests */ = {
			isa = PBXGroup;
			children = (
				2A74789426F3727A00A7CC6F /* _BallTests.swift */,
			);
			path = 8BallTests;
			sourceTree = "<group>";
		};
		2A74789D26F3727A00A7CC6F /* 8BallUITests */ = {
			isa = PBXGroup;
			children = (
				2A74789E26F3727A00A7CC6F /* _BallUITests.swift */,
				2A7478A026F3727A00A7CC6F /* _BallUITestsLaunchTests.swift */,
			);
			path = 8BallUITests;
			sourceTree = "<group>";
		};
/* End PBXGroup section */

/* Begin PBXNativeTarget section */
		2A74787F26F3727400A7CC6F /* 8Ball */ = {
			isa = PBXNativeTarget;
			buildConfigurationList = 2A7478A426F3727A00A7CC6F /* Build configuration list for PBXNativeTarget "8Ball" */;
			buildPhases = (
				2A74787C26F3727400A7CC6F /* Sources */,
				2A74787D26F3727400A7CC6F /* Frameworks */,
				2A74787E26F3727400A7CC6F /* Resources */,
			);
			buildRules = (
			);
			dependencies = (
			);
			name = 8Ball;
			productName = 8Ball;
			productReference = 2A74788026F3727400A7CC6F /* 8Ball.app */;
			productType = "com.apple.product-type.application";
		};
		2A74788F26F3727A00A7CC6F /* 8BallTests */ = {
			isa = PBXNativeTarget;
			buildConfigurationList = 2A7478A726F3727A00A7CC6F /* Build configuration list for PBXNativeTarget "8BallTests" */;
			buildPhases = (
				2A74788C26F3727A00A7CC6F /* Sources */,
				2A74788D26F3727A00A7CC6F /* Frameworks */,
				2A74788E26F3727A00A7CC6F /* Resources */,
			);
			buildRules = (
			);
			dependencies = (
				2A74789226F3727A00A7CC6F /* PBXTargetDependency */,
			);
			name = 8BallTests;
			productName = 8BallTests;
			productReference = 2A74789026F3727A00A7CC6F /* 8BallTests.xctest */;
			productType = "com.apple.product-type.bundle.unit-test";
		};
		2A74789926F3727A00A7CC6F /* 8BallUITests */ = {
			isa = PBXNativeTarget;
			buildConfigurationList = 2A7478AA26F3727A00A7CC6F /* Build configuration list for PBXNativeTarget "8BallUITests" */;
			buildPhases = (
				2A74789626F3727A00A7CC6F /* Sources */,
				2A74789726F3727A00A7CC6F /* Frameworks */,
				2A74789826F3727A00A7CC6F /* Resources */,
			);
			buildRules = (
			);
			dependencies = (
				2A74789C26F3727A00A7CC6F /* PBXTargetDependency */,
			);
			name = 8BallUITests;
			productName = 8BallUITests;
			productReference = 2A74789A26F3727A00A7CC6F /* 8BallUITests.xctest */;
			productType = "com.apple.product-type.bundle.ui-testing";
		};
/* End PBXNativeTarget section */

/* Begin PBXProject section */
		2A74787826F3727400A7CC6F /* Project object */ = {
			isa = PBXProject;
			attributes = {
				BuildIndependentTargetsInParallel = 1;
				LastSwiftUpdateCheck = 1300;
				LastUpgradeCheck = 1300;
				TargetAttributes = {
					2A74787F26F3727400A7CC6F = {
						CreatedOnToolsVersion = 13.0;
					};
					2A74788F26F3727A00A7CC6F = {
						CreatedOnToolsVersion = 13.0;
						TestTargetID = 2A74787F26F3727400A7CC6F;
					};
					2A74789926F3727A00A7CC6F = {
						CreatedOnToolsVersion = 13.0;
						TestTargetID = 2A74787F26F3727400A7CC6F;
					};
				};
			};
			buildConfigurationList = 2A74787B26F3727400A7CC6F /* Build configuration list for PBXProject "8Ball" */;
			compatibilityVersion = "Xcode 13.0";
			developmentRegion = en;
			hasScannedForEncodings = 0;
			knownRegions = (
				en,
				Base,
			);
			mainGroup = 2A74787726F3727400A7CC6F;
			productRefGroup = 2A74788126F3727400A7CC6F /* Products */;
			projectDirPath = "";
			projectRoot = "";
			targets = (
				2A74787F26F3727400A7CC6F /* 8Ball */,
				2A74788F26F3727A00A7CC6F /* 8BallTests */,
				2A74789926F3727A00A7CC6F /* 8BallUITests */,
			);
		};
/* End PBXProject section */

/* Begin PBXResourcesBuildPhase section */
		2A74787E26F3727400A7CC6F /* Resources */ = {
			isa = PBXResourcesBuildPhase;
			buildActionMask = 2147483647;
			files = (
				2A74788B26F3727900A7CC6F /* Preview Assets.xcassets in Resources */,
				2A74788826F3727900A7CC6F /* Assets.xcassets in Resources */,
			);
			runOnlyForDeploymentPostprocessing = 0;
		};
		2A74788E26F3727A00A7CC6F /* Resources */ = {
			isa = PBXResourcesBuildPhase;
			buildActionMask = 2147483647;
			files = (
			);
			runOnlyForDeploymentPostprocessing = 0;
		};
		2A74789826F3727A00A7CC6F /* Resources */ = {
			isa = PBXResourcesBuildPhase;
			buildActionMask = 2147483647;
			files = (
			);
			runOnlyForDeploymentPostprocessing = 0;
		};
/* End PBXResourcesBuildPhase section */

/* Begin PBXSourcesBuildPhase section */
		2A74787C26F3727400A7CC6F /* Sources */ = {
			isa = PBXSourcesBuildPhase;
			buildActionMask = 2147483647;
			files = (
				2A74788626F3727400A7CC6F /* ContentView.swift in Sources */,
				2A74788426F3727400A7CC6F /* _BallApp.swift in Sources */,
			);
			runOnlyForDeploymentPostprocessing = 0;
		};
		2A74788C26F3727A00A7CC6F /* Sources */ = {
			isa = PBXSourcesBuildPhase;
			buildActionMask = 2147483647;
			files = (
				2A74789526F3727A00A7CC6F /* _BallTests.swift in Sources */,
			);
			runOnlyForDeploymentPostprocessing = 0;
		};
		2A74789626F3727A00A7CC6F /* Sources */ = {
			isa = PBXSourcesBuildPhase;
			buildActionMask = 2147483647;
			files = (
				2A74789F26F3727A00A7CC6F /* _BallUITests.swift in Sources */,
				2A7478A126F3727A00A7CC6F /* _BallUITestsLaunchTests.swift in Sources */,
			);
			runOnlyForDeploymentPostprocessing = 0;
		};
/* End PBXSourcesBuildPhase section */

/* Begin PBXTargetDependency section */
		2A74789226F3727A00A7CC6F /* PBXTargetDependency */ = {
			isa = PBXTargetDependency;
			target = 2A74787F26F3727400A7CC6F /* 8Ball */;
			targetProxy = 2A74789126F3727A00A7CC6F /* PBXContainerItemProxy */;
		};
		2A74789C26F3727A00A7CC6F /* PBXTargetDependency */ = {
			isa = PBXTargetDependency;
			target = 2A74787F26F3727400A7CC6F /* 8Ball */;
			targetProxy = 2A74789B26F3727A00A7CC6F /* PBXContainerItemProxy */;
		};
/* End PBXTargetDependency section */

/* Begin XCBuildConfiguration section */
		2A7478A226F3727A00A7CC6F /* Debug */ = {
			isa = XCBuildConfiguration;
			buildSettings = {
				ALWAYS_SEARCH_USER_PATHS = NO;
				CLANG_ANALYZER_NONNULL = YES;
				CLANG_ANALYZER_NUMBER_OBJECT_CONVERSION = YES_AGGRESSIVE;
				CLANG_CXX_LANGUAGE_STANDARD = "gnu++17";
				CLANG_CXX_LIBRARY = "libc++";
				CLANG_ENABLE_MODULES = YES;
				CLANG_ENABLE_OBJC_ARC = YES;
				CLANG_ENABLE_OBJC_WEAK = YES;
				CLANG_WARN_BLOCK_CAPTURE_AUTORELEASING = YES;
				CLANG_WARN_BOOL_CONVERSION = YES;
				CLANG_WARN_COMMA = YES;
				CLANG_WARN_CONSTANT_CONVERSION = YES;
				CLANG_WARN_DEPRECATED_OBJC_IMPLEMENTATIONS = YES;
				CLANG_WARN_DIRECT_OBJC_ISA_USAGE = YES_ERROR;
				CLANG_WARN_DOCUMENTATION_COMMENTS = YES;
				CLANG_WARN_EMPTY_BODY = YES;
				CLANG_WARN_ENUM_CONVERSION = YES;
				CLANG_WARN_INFINITE_RECURSION = YES;
				CLANG_WARN_INT_CONVERSION = YES;
				CLANG_WARN_NON_LITERAL_NULL_CONVERSION = YES;
				CLANG_WARN_OBJC_IMPLICIT_RETAIN_SELF = YES;
				CLANG_WARN_OBJC_LITERAL_CONVERSION = YES;
				CLANG_WARN_OBJC_ROOT_CLASS = YES_ERROR;
				CLANG_WARN_QUOTED_INCLUDE_IN_FRAMEWORK_HEADER = YES;
				CLANG_WARN_RANGE_LOOP_ANALYSIS = YES;
				CLANG_WARN_STRICT_PROTOTYPES = YES;
				CLANG_WARN_SUSPICIOUS_MOVE = YES;
				CLANG_WARN_UNGUARDED_AVAILABILITY = YES_AGGRESSIVE;
				CLANG_WARN_UNREACHABLE_CODE = YES;
				CLANG_WARN__DUPLICATE_METHOD_MATCH = YES;
				COPY_PHASE_STRIP = NO;
				DEBUG_INFORMATION_FORMAT = dwarf;
				ENABLE_STRICT_OBJC_MSGSEND = YES;
				ENABLE_TESTABILITY = YES;
				GCC_C_LANGUAGE_STANDARD = gnu11;
				GCC_DYNAMIC_NO_PIC = NO;
				GCC_NO_COMMON_BLOCKS = YES;
				GCC_OPTIMIZATION_LEVEL = 0;
				GCC_PREPROCESSOR_DEFINITIONS = (
					"DEBUG=1",
					"$(inherited)",
				);
				GCC_WARN_64_TO_32_BIT_CONVERSION = YES;
				GCC_WARN_ABOUT_RETURN_TYPE = YES_ERROR;
				GCC_WARN_UNDECLARED_SELECTOR = YES;
				GCC_WARN_UNINITIALIZED_AUTOS = YES_AGGRESSIVE;
				GCC_WARN_UNUSED_FUNCTION = YES;
				GCC_WARN_UNUSED_VARIABLE = YES;
				IPHONEOS_DEPLOYMENT_TARGET = 15.0;
				MTL_ENABLE_DEBUG_INFO = INCLUDE_SOURCE;
				MTL_FAST_MATH = YES;
				ONLY_ACTIVE_ARCH = YES;
				SDKROOT = iphoneos;
				SWIFT_ACTIVE_COMPILATION_CONDITIONS = DEBUG;
				SWIFT_OPTIMIZATION_LEVEL = "-Onone";
			};
			name = Debug;
		};
		2A7478A326F3727A00A7CC6F /* Release */ = {
			isa = XCBuildConfiguration;
			buildSettings = {
				ALWAYS_SEARCH_USER_PATHS = NO;
				CLANG_ANALYZER_NONNULL = YES;
				CLANG_ANALYZER_NUMBER_OBJECT_CONVERSION = YES_AGGRESSIVE;
				CLANG_CXX_LANGUAGE_STANDARD = "gnu++17";
				CLANG_CXX_LIBRARY = "libc++";
				CLANG_ENABLE_MODULES = YES;
				CLANG_ENABLE_OBJC_ARC = YES;
				CLANG_ENABLE_OBJC_WEAK = YES;
				CLANG_WARN_BLOCK_CAPTURE_AUTORELEASING = YES;
				CLANG_WARN_BOOL_CONVERSION = YES;
				CLANG_WARN_COMMA = YES;
				CLANG_WARN_CONSTANT_CONVERSION = YES;
				CLANG_WARN_DEPRECATED_OBJC_IMPLEMENTATIONS = YES;
				CLANG_WARN_DIRECT_OBJC_ISA_USAGE = YES_ERROR;
				CLANG_WARN_DOCUMENTATION_COMMENTS = YES;
				CLANG_WARN_EMPTY_BODY = YES;
				CLANG_WARN_ENUM_CONVERSION = YES;
				CLANG_WARN_INFINITE_RECURSION = YES;
				CLANG_WARN_INT_CONVERSION = YES;
				CLANG_WARN_NON_LITERAL_NULL_CONVERSION = YES;
				CLANG_WARN_OBJC_IMPLICIT_RETAIN_SELF = YES;
				CLANG_WARN_OBJC_LITERAL_CONVERSION = YES;
				CLANG_WARN_OBJC_ROOT_CLASS = YES_ERROR;
				CLANG_WARN_QUOTED_INCLUDE_IN_FRAMEWORK_HEADER = YES;
				CLANG_WARN_RANGE_LOOP_ANALYSIS = YES;
				CLANG_WARN_STRICT_PROTOTYPES = YES;
				CLANG_WARN_SUSPICIOUS_MOVE = YES;
				CLANG_WARN_UNGUARDED_AVAILABILITY = YES_AGGRESSIVE;
				CLANG_WARN_UNREACHABLE_CODE = YES;
				CLANG_WARN__DUPLICATE_METHOD_MATCH = YES;
				COPY_PHASE_STRIP = NO;
				DEBUG_INFORMATION_FORMAT = "dwarf-with-dsym";
				ENABLE_NS_ASSERTIONS = NO;
				ENABLE_STRICT_OBJC_MSGSEND = YES;
				GCC_C_LANGUAGE_STANDARD = gnu11;
				GCC_NO_COMMON_BLOCKS = YES;
				GCC_WARN_64_TO_32_BIT_CONVERSION = YES;
				GCC_WARN_ABOUT_RETURN_TYPE = YES_ERROR;
				GCC_WARN_UNDECLARED_SELECTOR = YES;
				GCC_WARN_UNINITIALIZED_AUTOS = YES_AGGRESSIVE;
				GCC_WARN_UNUSED_FUNCTION = YES;
				GCC_WARN_UNUSED_VARIABLE = YES;
				IPHONEOS_DEPLOYMENT_TARGET = 15.0;
				MTL_ENABLE_DEBUG_INFO = NO;
				MTL_FAST_MATH = YES;
				SDKROOT = iphoneos;
				SWIFT_COMPILATION_MODE = wholemodule;
				SWIFT_OPTIMIZATION_LEVEL = "-O";
				VALIDATE_PRODUCT = YES;
			};
			name = Release;
		};
		2A7478A526F3727A00A7CC6F /* Debug */ = {
			isa = XCBuildConfiguration;
			buildSettings = {
				ASSETCATALOG_COMPILER_APPICON_NAME = AppIcon;
				ASSETCATALOG_COMPILER_GLOBAL_ACCENT_COLOR_NAME = AccentColor;
				CODE_SIGN_STYLE = Automatic;
				CURRENT_PROJECT_VERSION = 1;
				DEVELOPMENT_ASSET_PATHS = "\"8Ball/Preview Content\"";
				DEVELOPMENT_TEAM = GR8H7BN82Z;
				ENABLE_PREVIEWS = YES;
				GENERATE_INFOPLIST_FILE = YES;
				INFOPLIST_KEY_UIApplicationSceneManifest_Generation = YES;
				INFOPLIST_KEY_UIApplicationSupportsIndirectInputEvents = YES;
				INFOPLIST_KEY_UILaunchScreen_Generation = YES;
				INFOPLIST_KEY_UISupportedInterfaceOrientations_iPad = "UIInterfaceOrientationPortrait UIInterfaceOrientationPortraitUpsideDown UIInterfaceOrientationLandscapeLeft UIInterfaceOrientationLandscapeRight";
				INFOPLIST_KEY_UISupportedInterfaceOrientations_iPhone = "UIInterfaceOrientationPortrait UIInterfaceOrientationLandscapeLeft UIInterfaceOrientationLandscapeRight";
				IPHONEOS_DEPLOYMENT_TARGET = 14.0;
				LD_RUNPATH_SEARCH_PATHS = (
					"$(inherited)",
					"@executable_path/Frameworks",
				);
				MARKETING_VERSION = 1.0;
				PRODUCT_BUNDLE_IDENTIFIER = "com.Cloutier.Vince.-Ball";
				PRODUCT_NAME = "$(TARGET_NAME)";
				SWIFT_EMIT_LOC_STRINGS = YES;
				SWIFT_VERSION = 5.0;
				TARGETED_DEVICE_FAMILY = "1,2";
			};
			name = Debug;
		};
		2A7478A626F3727A00A7CC6F /* Release */ = {
			isa = XCBuildConfiguration;
			buildSettings = {
				ASSETCATALOG_COMPILER_APPICON_NAME = AppIcon;
				ASSETCATALOG_COMPILER_GLOBAL_ACCENT_COLOR_NAME = AccentColor;
				CODE_SIGN_STYLE = Automatic;
				CURRENT_PROJECT_VERSION = 1;
				DEVELOPMENT_ASSET_PATHS = "\"8Ball/Preview Content\"";
				DEVELOPMENT_TEAM = GR8H7BN82Z;
				ENABLE_PREVIEWS = YES;
				GENERATE_INFOPLIST_FILE = YES;
				INFOPLIST_KEY_UIApplicationSceneManifest_Generation = YES;
				INFOPLIST_KEY_UIApplicationSupportsIndirectInputEvents = YES;
				INFOPLIST_KEY_UILaunchScreen_Generation = YES;
				INFOPLIST_KEY_UISupportedInterfaceOrientations_iPad = "UIInterfaceOrientationPortrait UIInterfaceOrientationPortraitUpsideDown UIInterfaceOrientationLandscapeLeft UIInterfaceOrientationLandscapeRight";
				INFOPLIST_KEY_UISupportedInterfaceOrientations_iPhone = "UIInterfaceOrientationPortrait UIInterfaceOrientationLandscapeLeft UIInterfaceOrientationLandscapeRight";
				IPHONEOS_DEPLOYMENT_TARGET = 14.0;
				LD_RUNPATH_SEARCH_PATHS = (
					"$(inherited)",
					"@executable_path/Frameworks",
				);
				MARKETING_VERSION = 1.0;
				PRODUCT_BUNDLE_IDENTIFIER = "com.Cloutier.Vince.-Ball";
				PRODUCT_NAME = "$(TARGET_NAME)";
				SWIFT_EMIT_LOC_STRINGS = YES;
				SWIFT_VERSION = 5.0;
				TARGETED_DEVICE_FAMILY = "1,2";
			};
			name = Release;
		};
		2A7478A826F3727A00A7CC6F /* Debug */ = {
			isa = XCBuildConfiguration;
			buildSettings = {
				ALWAYS_EMBED_SWIFT_STANDARD_LIBRARIES = YES;
				BUNDLE_LOADER = "$(TEST_HOST)";
				CODE_SIGN_STYLE = Automatic;
				CURRENT_PROJECT_VERSION = 1;
				DEVELOPMENT_TEAM = GR8H7BN82Z;
				GENERATE_INFOPLIST_FILE = YES;
				IPHONEOS_DEPLOYMENT_TARGET = 14.0;
				LD_RUNPATH_SEARCH_PATHS = (
					"$(inherited)",
					"@executable_path/Frameworks",
					"@loader_path/Frameworks",
				);
				MARKETING_VERSION = 1.0;
				PRODUCT_BUNDLE_IDENTIFIER = "com.Cloutier.Vince.-BallTests";
				PRODUCT_NAME = "$(TARGET_NAME)";
				SWIFT_EMIT_LOC_STRINGS = NO;
				SWIFT_VERSION = 5.0;
				TARGETED_DEVICE_FAMILY = "1,2";
				TEST_HOST = "$(BUILT_PRODUCTS_DIR)/8Ball.app/8Ball";
			};
			name = Debug;
		};
		2A7478A926F3727A00A7CC6F /* Release */ = {
			isa = XCBuildConfiguration;
			buildSettings = {
				ALWAYS_EMBED_SWIFT_STANDARD_LIBRARIES = YES;
				BUNDLE_LOADER = "$(TEST_HOST)";
				CODE_SIGN_STYLE = Automatic;
				CURRENT_PROJECT_VERSION = 1;
				DEVELOPMENT_TEAM = GR8H7BN82Z;
				GENERATE_INFOPLIST_FILE = YES;
				IPHONEOS_DEPLOYMENT_TARGET = 14.0;
				LD_RUNPATH_SEARCH_PATHS = (
					"$(inherited)",
					"@executable_path/Frameworks",
					"@loader_path/Frameworks",
				);
				MARKETING_VERSION = 1.0;
				PRODUCT_BUNDLE_IDENTIFIER = "com.Cloutier.Vince.-BallTests";
				PRODUCT_NAME = "$(TARGET_NAME)";
				SWIFT_EMIT_LOC_STRINGS = NO;
				SWIFT_VERSION = 5.0;
				TARGETED_DEVICE_FAMILY = "1,2";
				TEST_HOST = "$(BUILT_PRODUCTS_DIR)/8Ball.app/8Ball";
			};
			name = Release;
		};
		2A7478AB26F3727A00A7CC6F /* Debug */ = {
			isa = XCBuildConfiguration;
			buildSettings = {
				ALWAYS_EMBED_SWIFT_STANDARD_LIBRARIES = YES;
				CODE_SIGN_STYLE = Automatic;
				CURRENT_PROJECT_VERSION = 1;
				DEVELOPMENT_TEAM = GR8H7BN82Z;
				GENERATE_INFOPLIST_FILE = YES;
				LD_RUNPATH_SEARCH_PATHS = (
					"$(inherited)",
					"@executable_path/Frameworks",
					"@loader_path/Frameworks",
				);
				MARKETING_VERSION = 1.0;
				PRODUCT_BUNDLE_IDENTIFIER = "com.Cloutier.Vince.-BallUITests";
				PRODUCT_NAME = "$(TARGET_NAME)";
				SWIFT_EMIT_LOC_STRINGS = NO;
				SWIFT_VERSION = 5.0;
				TARGETED_DEVICE_FAMILY = "1,2";
				TEST_TARGET_NAME = 8Ball;
			};
			name = Debug;
		};
		2A7478AC26F3727A00A7CC6F /* Release */ = {
			isa = XCBuildConfiguration;
			buildSettings = {
				ALWAYS_EMBED_SWIFT_STANDARD_LIBRARIES = YES;
				CODE_SIGN_STYLE = Automatic;
				CURRENT_PROJECT_VERSION = 1;
				DEVELOPMENT_TEAM = GR8H7BN82Z;
				GENERATE_INFOPLIST_FILE = YES;
				LD_RUNPATH_SEARCH_PATHS = (
					"$(inherited)",
					"@executable_path/Frameworks",
					"@loader_path/Frameworks",
				);
				MARKETING_VERSION = 1.0;
				PRODUCT_BUNDLE_IDENTIFIER = "com.Cloutier.Vince.-BallUITests";
				PRODUCT_NAME = "$(TARGET_NAME)";
				SWIFT_EMIT_LOC_STRINGS = NO;
				SWIFT_VERSION = 5.0;
				TARGETED_DEVICE_FAMILY = "1,2";
				TEST_TARGET_NAME = 8Ball;
			};
			name = Release;
		};
/* End XCBuildConfiguration section */

/* Begin XCConfigurationList section */
		2A74787B26F3727400A7CC6F /* Build configuration list for PBXProject "8Ball" */ = {
			isa = XCConfigurationList;
			buildConfigurations = (
				2A7478A226F3727A00A7CC6F /* Debug */,
				2A7478A326F3727A00A7CC6F /* Release */,
			);
			defaultConfigurationIsVisible = 0;
			defaultConfigurationName = Release;
		};
		2A7478A426F3727A00A7CC6F /* Build configuration list for PBXNativeTarget "8Ball" */ = {
			isa = XCConfigurationList;
			buildConfigurations = (
				2A7478A526F3727A00A7CC6F /* Debug */,
				2A7478A626F3727A00A7CC6F /* Release */,
			);
			defaultConfigurationIsVisible = 0;
			defaultConfigurationName = Release;
		};
		2A7478A726F3727A00A7CC6F /* Build configuration list for PBXNativeTarget "8BallTests" */ = {
			isa = XCConfigurationList;
			buildConfigurations = (
				2A7478A826F3727A00A7CC6F /* Debug */,
				2A7478A926F3727A00A7CC6F /* Release */,
			);
			defaultConfigurationIsVisible = 0;
			defaultConfigurationName = Release;
		};
		2A7478AA26F3727A00A7CC6F /* Build configuration list for PBXNativeTarget "8BallUITests" */ = {
			isa = XCConfigurationList;
			buildConfigurations = (
				2A7478AB26F3727A00A7CC6F /* Debug */,
				2A7478AC26F3727A00A7CC6F /* Release */,
			);
			defaultConfigurationIsVisible = 0;
			defaultConfigurationName = Release;
		};
/* End XCConfigurationList section */
	};
	rootObject = 2A74787826F3727400A7CC6F /* Project object */;
}
